
Microsoft Visual Studio Solution File, Format Version 12.00
# Visual Studio 15
VisualStudioVersion = 15.0.27004.2005
MinimumVisualStudioVersion = 10.0.40219.1
Project("{9A19103F-16F7-4668-BE54-9A1E7A4F7556}") = "EF.Audit.Core", "src\EF.Audit.Core.csproj", "{2C1E836C-01A1-4FCF-AC28-104F6356D467}"
EndProject
Global
	GlobalSection(SolutionConfigurationPlatforms) = preSolution
		Debug|Any CPU = Debug|Any CPU
		Release|Any CPU = Release|Any CPU
	EndGlobalSection
	GlobalSection(ProjectConfigurationPlatforms) = postSolution
		{2C1E836C-01A1-4FCF-AC28-104F6356D467}.Debug|Any CPU.ActiveCfg = Debug|Any CPU
		{2C1E836C-01A1-4FCF-AC28-104F6356D467}.Debug|Any CPU.Build.0 = Debug|Any CPU
		{2C1E836C-01A1-4FCF-AC28-104F6356D467}.Release|Any CPU.ActiveCfg = Release|Any CPU
		{2C1E836C-01A1-4FCF-AC28-104F6356D467}.Release|Any CPU.Build.0 = Release|Any CPU
	EndGlobalSection
	GlobalSection(SolutionProperties) = preSolution
		HideSolutionNode = FALSE
	EndGlobalSection
	GlobalSection(ExtensibilityGlobals) = postSolution
		SolutionGuid = {4DDF5D56-99DB-4CEC-9211-247F02B6EC3B}
	EndGlobalSection
EndGlobal
